
Microsoft Visual Studio Solution File, Format Version 12.00
# Visual Studio 15
VisualStudioVersion = 15.0.27703.2026
MinimumVisualStudioVersion = 10.0.40219.1
Project("{FAE04EC0-301F-11D3-BF4B-00C04F79EFBC}") = "CsharpLesson", "CsharpLesson\CsharpLesson.csproj", "{78F9DA4A-0CD3-4655-9AA2-091CF759EA16}"
EndProject
Global
	GlobalSection(SolutionConfigurationPlatforms) = preSolution
		Debug|Any CPU = Debug|Any CPU
		Release|Any CPU = Release|Any CPU
	EndGlobalSection
	GlobalSection(ProjectConfigurationPlatforms) = postSolution
		{78F9DA4A-0CD3-4655-9AA2-091CF759EA16}.Debug|Any CPU.ActiveCfg = Debug|Any CPU
		{78F9DA4A-0CD3-4655-9AA2-091CF759EA16}.Debug|Any CPU.Build.0 = Debug|Any CPU
		{78F9DA4A-0CD3-4655-9AA2-091CF759EA16}.Release|Any CPU.ActiveCfg = Release|Any CPU
		{78F9DA4A-0CD3-4655-9AA2-091CF759EA16}.Release|Any CPU.Build.0 = Release|Any CPU
	EndGlobalSection
	GlobalSection(SolutionProperties) = preSolution
		HideSolutionNode = FALSE
	EndGlobalSection
	GlobalSection(ExtensibilityGlobals) = postSolution
		SolutionGuid = {974039EF-A0FA-4C82-9766-0151E91C4D13}
	EndGlobalSection
EndGlobal
